// !$*UTF8*$!
{
	archiveVersion = 1;
	classes = {
	};
	objectVersion = 46;
	objects = {

/* Begin PBXBuildFile section */
		5A0F701117A5289A00C5B310 /* UIKit.framework in Frameworks */ = {isa = PBXBuildFile; fileRef = 5A0F701017A5289A00C5B310 /* UIKit.framework */; };
		5A0F701317A5289A00C5B310 /* Foundation.framework in Frameworks */ = {isa = PBXBuildFile; fileRef = 5A0F701217A5289A00C5B310 /* Foundation.framework */; };
		5A0F701517A5289A00C5B310 /* CoreGraphics.framework in Frameworks */ = {isa = PBXBuildFile; fileRef = 5A0F701417A5289A00C5B310 /* CoreGraphics.framework */; };
		5A0F701B17A5289A00C5B310 /* InfoPlist.strings in Resources */ = {isa = PBXBuildFile; fileRef = 5A0F701917A5289A00C5B310 /* InfoPlist.strings */; };
		5A0F701D17A5289A00C5B310 /* main.m in Sources */ = {isa = PBXBuildFile; fileRef = 5A0F701C17A5289A00C5B310 /* main.m */; };
		5A0F702117A5289A00C5B310 /* AppDelegate.m in Sources */ = {isa = PBXBuildFile; fileRef = 5A0F702017A5289A00C5B310 /* AppDelegate.m */; };
		5A0F702317A5289A00C5B310 /* Default.png in Resources */ = {isa = PBXBuildFile; fileRef = 5A0F702217A5289A00C5B310 /* Default.png */; };
		5A0F702517A5289A00C5B310 /* Default@2x.png in Resources */ = {isa = PBXBuildFile; fileRef = 5A0F702417A5289A00C5B310 /* Default@2x.png */; };
		5A0F702717A5289A00C5B310 /* Default-568h@2x.png in Resources */ = {isa = PBXBuildFile; fileRef = 5A0F702617A5289A00C5B310 /* Default-568h@2x.png */; };
		5A0F702F17A528AA00C5B310 /* HTAttachView.m in Sources */ = {isa = PBXBuildFile; fileRef = 5A0F702E17A528AA00C5B310 /* HTAttachView.m */; };
/* End PBXBuildFile section */

/* Begin PBXFileReference section */
		5A0F700D17A5289A00C5B310 /* MyViewController.app */ = {isa = PBXFileReference; explicitFileType = wrapper.application; includeInIndex = 0; path = MyViewController.app; sourceTree = BUILT_PRODUCTS_DIR; };
		5A0F701017A5289A00C5B310 /* UIKit.framework */ = {isa = PBXFileReference; lastKnownFileType = wrapper.framework; name = UIKit.framework; path = System/Library/Frameworks/UIKit.framework; sourceTree = SDKROOT; };
		5A0F701217A5289A00C5B310 /* Foundation.framework */ = {isa = PBXFileReference; lastKnownFileType = wrapper.framework; name = Foundation.framework; path = System/Library/Frameworks/Foundation.framework; sourceTree = SDKROOT; };
		5A0F701417A5289A00C5B310 /* CoreGraphics.framework */ = {isa = PBXFileReference; lastKnownFileType = wrapper.framework; name = CoreGraphics.framework; path = System/Library/Frameworks/CoreGraphics.framework; sourceTree = SDKROOT; };
		5A0F701817A5289A00C5B310 /* MyViewController-Info.plist */ = {isa = PBXFileReference; lastKnownFileType = text.plist.xml; path = "MyViewController-Info.plist"; sourceTree = "<group>"; };
		5A0F701A17A5289A00C5B310 /* en */ = {isa = PBXFileReference; lastKnownFileType = text.plist.strings; name = en; path = en.lproj/InfoPlist.strings; sourceTree = "<group>"; };
		5A0F701C17A5289A00C5B310 /* main.m */ = {isa = PBXFileReference; lastKnownFileType = sourcecode.c.objc; path = main.m; sourceTree = "<group>"; };
		5A0F701E17A5289A00C5B310 /* MyViewController-Prefix.pch */ = {isa = PBXFileReference; lastKnownFileType = sourcecode.c.h; path = "MyViewController-Prefix.pch"; sourceTree = "<group>"; };
		5A0F701F17A5289A00C5B310 /* AppDelegate.h */ = {isa = PBXFileReference; lastKnownFileType = sourcecode.c.h; path = AppDelegate.h; sourceTree = "<group>"; };
		5A0F702017A5289A00C5B310 /* AppDelegate.m */ = {isa = PBXFileReference; lastKnownFileType = sourcecode.c.objc; path = AppDelegate.m; sourceTree = "<group>"; };
		5A0F702217A5289A00C5B310 /* Default.png */ = {isa = PBXFileReference; lastKnownFileType = image.png; path = Default.png; sourceTree = "<group>"; };
		5A0F702417A5289A00C5B310 /* Default@2x.png */ = {isa = PBXFileReference; lastKnownFileType = image.png; path = "Default@2x.png"; sourceTree = "<group>"; };
		5A0F702617A5289A00C5B310 /* Default-568h@2x.png */ = {isa = PBXFileReference; lastKnownFileType = image.png; path = "Default-568h@2x.png"; sourceTree = "<group>"; };
		5A0F702D17A528AA00C5B310 /* HTAttachView.h */ = {isa = PBXFileReference; fileEncoding = 4; lastKnownFileType = sourcecode.c.h; name = HTAttachView.h; path = ../HTAttachView.h; sourceTree = "<group>"; };
		5A0F702E17A528AA00C5B310 /* HTAttachView.m */ = {isa = PBXFileReference; fileEncoding = 4; lastKnownFileType = sourcecode.c.objc; name = HTAttachView.m; path = ../HTAttachView.m; sourceTree = "<group>"; };
/* End PBXFileReference section */

/* Begin PBXFrameworksBuildPhase section */
		5A0F700A17A5289A00C5B310 /* Frameworks */ = {
			isa = PBXFrameworksBuildPhase;
			buildActionMask = 2147483647;
			files = (
				5A0F701117A5289A00C5B310 /* UIKit.framework in Frameworks */,
				5A0F701317A5289A00C5B310 /* Foundation.framework in Frameworks */,
				5A0F701517A5289A00C5B310 /* CoreGraphics.framework in Frameworks */,
			);
			runOnlyForDeploymentPostprocessing = 0;
		};
/* End PBXFrameworksBuildPhase section */

/* Begin PBXGroup section */
		5A0F700417A5289A00C5B310 = {
			isa = PBXGroup;
			children = (
				5A0F701617A5289A00C5B310 /* MyViewController */,
				5A0F700F17A5289A00C5B310 /* Frameworks */,
				5A0F700E17A5289A00C5B310 /* Products */,
			);
			sourceTree = "<group>";
		};
		5A0F700E17A5289A00C5B310 /* Products */ = {
			isa = PBXGroup;
			children = (
				5A0F700D17A5289A00C5B310 /* MyViewController.app */,
			);
			name = Products;
			sourceTree = "<group>";
		};
		5A0F700F17A5289A00C5B310 /* Frameworks */ = {
			isa = PBXGroup;
			children = (
				5A0F701017A5289A00C5B310 /* UIKit.framework */,
				5A0F701217A5289A00C5B310 /* Foundation.framework */,
				5A0F701417A5289A00C5B310 /* CoreGraphics.framework */,
			);
			name = Frameworks;
			sourceTree = "<group>";
		};
		5A0F701617A5289A00C5B310 /* MyViewController */ = {
			isa = PBXGroup;
			children = (
				5A0F701F17A5289A00C5B310 /* AppDelegate.h */,
				5A0F702017A5289A00C5B310 /* AppDelegate.m */,
				5A0F702D17A528AA00C5B310 /* HTAttachView.h */,
				5A0F702E17A528AA00C5B310 /* HTAttachView.m */,
				5A0F701717A5289A00C5B310 /* Supporting Files */,
			);
			path = MyViewController;
			sourceTree = "<group>";
		};
		5A0F701717A5289A00C5B310 /* Supporting Files */ = {
			isa = PBXGroup;
			children = (
				5A0F701817A5289A00C5B310 /* MyViewController-Info.plist */,
				5A0F701917A5289A00C5B310 /* InfoPlist.strings */,
				5A0F701C17A5289A00C5B310 /* main.m */,
				5A0F701E17A5289A00C5B310 /* MyViewController-Prefix.pch */,
				5A0F702217A5289A00C5B310 /* Default.png */,
				5A0F702417A5289A00C5B310 /* Default@2x.png */,
				5A0F702617A5289A00C5B310 /* Default-568h@2x.png */,
			);
			name = "Supporting Files";
			sourceTree = "<group>";
		};
/* End PBXGroup section */

/* Begin PBXNativeTarget section */
		5A0F700C17A5289A00C5B310 /* MyViewController */ = {
			isa = PBXNativeTarget;
			buildConfigurationList = 5A0F702A17A5289A00C5B310 /* Build configuration list for PBXNativeTarget "MyViewController" */;
			buildPhases = (
				5A0F700917A5289A00C5B310 /* Sources */,
				5A0F700A17A5289A00C5B310 /* Frameworks */,
				5A0F700B17A5289A00C5B310 /* Resources */,
			);
			buildRules = (
			);
			dependencies = (
			);
			name = MyViewController;
			productName = MyViewController;
			productReference = 5A0F700D17A5289A00C5B310 /* MyViewController.app */;
			productType = "com.apple.product-type.application";
		};
/* End PBXNativeTarget section */

/* Begin PBXProject section */
		5A0F700517A5289A00C5B310 /* Project object */ = {
			isa = PBXProject;
			attributes = {
				LastUpgradeCheck = 0460;
				ORGANIZATIONNAME = Hunter;
			};
			buildConfigurationList = 5A0F700817A5289A00C5B310 /* Build configuration list for PBXProject "MyViewController" */;
			compatibilityVersion = "Xcode 3.2";
			developmentRegion = English;
			hasScannedForEncodings = 0;
			knownRegions = (
				en,
			);
			mainGroup = 5A0F700417A5289A00C5B310;
			productRefGroup = 5A0F700E17A5289A00C5B310 /* Products */;
			projectDirPath = "";
			projectRoot = "";
			targets = (
				5A0F700C17A5289A00C5B310 /* MyViewController */,
			);
		};
/* End PBXProject section */

/* Begin PBXResourcesBuildPhase section */
		5A0F700B17A5289A00C5B310 /* Resources */ = {
			isa = PBXResourcesBuildPhase;
			buildActionMask = 2147483647;
			files = (
				5A0F701B17A5289A00C5B310 /* InfoPlist.strings in Resources */,
				5A0F702317A5289A00C5B310 /* Default.png in Resources */,
				5A0F702517A5289A00C5B310 /* Default@2x.png in Resources */,
				5A0F702717A5289A00C5B310 /* Default-568h@2x.png in Resources */,
			);
			runOnlyForDeploymentPostprocessing = 0;
		};
/* End PBXResourcesBuildPhase section */

/* Begin PBXSourcesBuildPhase section */
		5A0F700917A5289A00C5B310 /* Sources */ = {
			isa = PBXSourcesBuildPhase;
			buildActionMask = 2147483647;
			files = (
				5A0F701D17A5289A00C5B310 /* main.m in Sources */,
				5A0F702117A5289A00C5B310 /* AppDelegate.m in Sources */,
				5A0F702F17A528AA00C5B310 /* HTAttachView.m in Sources */,
			);
			runOnlyForDeploymentPostprocessing = 0;
		};
/* End PBXSourcesBuildPhase section */

/* Begin PBXVariantGroup section */
		5A0F701917A5289A00C5B310 /* InfoPlist.strings */ = {
			isa = PBXVariantGroup;
			children = (
				5A0F701A17A5289A00C5B310 /* en */,
			);
			name = InfoPlist.strings;
			sourceTree = "<group>";
		};
/* End PBXVariantGroup section */

/* Begin XCBuildConfiguration section */
		5A0F702817A5289A00C5B310 /* Debug */ = {
			isa = XCBuildConfiguration;
			buildSettings = {
				ALWAYS_SEARCH_USER_PATHS = NO;
				CLANG_CXX_LANGUAGE_STANDARD = "gnu++0x";
				CLANG_CXX_LIBRARY = "libc++";
				CLANG_WARN_CONSTANT_CONVERSION = YES;
				CLANG_WARN_EMPTY_BODY = YES;
				CLANG_WARN_ENUM_CONVERSION = YES;
				CLANG_WARN_INT_CONVERSION = YES;
				CLANG_WARN__DUPLICATE_METHOD_MATCH = YES;
				"CODE_SIGN_IDENTITY[sdk=iphoneos*]" = "iPhone Developer";
				COPY_PHASE_STRIP = NO;
				GCC_C_LANGUAGE_STANDARD = gnu99;
				GCC_DYNAMIC_NO_PIC = NO;
				GCC_OPTIMIZATION_LEVEL = 0;
				GCC_PREPROCESSOR_DEFINITIONS = (
					"DEBUG=1",
					"$(inherited)",
				);
				GCC_SYMBOLS_PRIVATE_EXTERN = NO;
				GCC_WARN_ABOUT_RETURN_TYPE = YES;
				GCC_WARN_UNINITIALIZED_AUTOS = YES;
				GCC_WARN_UNUSED_VARIABLE = YES;
				IPHONEOS_DEPLOYMENT_TARGET = 6.1;
				ONLY_ACTIVE_ARCH = YES;
				SDKROOT = iphoneos;
				TARGETED_DEVICE_FAMILY = "1,2";
			};
			name = Debug;
		};
		5A0F702917A5289A00C5B310 /* Release */ = {
			isa = XCBuildConfiguration;
			buildSettings = {
				ALWAYS_SEARCH_USER_PATHS = NO;
				CLANG_CXX_LANGUAGE_STANDARD = "gnu++0x";
				CLANG_CXX_LIBRARY = "libc++";
				CLANG_WARN_CONSTANT_CONVERSION = YES;
				CLANG_WARN_EMPTY_BODY = YES;
				CLANG_WARN_ENUM_CONVERSION = YES;
				CLANG_WARN_INT_CONVERSION = YES;
				CLANG_WARN__DUPLICATE_METHOD_MATCH = YES;
				"CODE_SIGN_IDENTITY[sdk=iphoneos*]" = "iPhone Developer";
				COPY_PHASE_STRIP = YES;
				GCC_C_LANGUAGE_STANDARD = gnu99;
				GCC_WARN_ABOUT_RETURN_TYPE = YES;
				GCC_WARN_UNINITIALIZED_AUTOS = YES;
				GCC_WARN_UNUSED_VARIABLE = YES;
				IPHONEOS_DEPLOYMENT_TARGET = 6.1;
				OTHER_CFLAGS = "-DNS_BLOCK_ASSERTIONS=1";
				SDKROOT = iphoneos;
				TARGETED_DEVICE_FAMILY = "1,2";
				VALIDATE_PRODUCT = YES;
			};
			name = Release;
		};
		5A0F702B17A5289A00C5B310 /* Debug */ = {
			isa = XCBuildConfiguration;
			buildSettings = {
				GCC_PRECOMPILE_PREFIX_HEADER = YES;
				GCC_PREFIX_HEADER = "MyViewController/MyViewController-Prefix.pch";
				INFOPLIST_FILE = "MyViewController/MyViewController-Info.plist";
				PRODUCT_NAME = "$(TARGET_NAME)";
				WRAPPER_EXTENSION = app;
			};
			name = Debug;
		};
		5A0F702C17A5289A00C5B310 /* Release */ = {
			isa = XCBuildConfiguration;
			buildSettings = {
				GCC_PRECOMPILE_PREFIX_HEADER = YES;
				GCC_PREFIX_HEADER = "MyViewController/MyViewController-Prefix.pch";
				INFOPLIST_FILE = "MyViewController/MyViewController-Info.plist";
				PRODUCT_NAME = "$(TARGET_NAME)";
				WRAPPER_EXTENSION = app;
			};
			name = Release;
		};
/* End XCBuildConfiguration section */

/* Begin XCConfigurationList section */
		5A0F700817A5289A00C5B310 /* Build configuration list for PBXProject "MyViewController" */ = {
			isa = XCConfigurationList;
			buildConfigurations = (
				5A0F702817A5289A00C5B310 /* Debug */,
				5A0F702917A5289A00C5B310 /* Release */,
			);
			defaultConfigurationIsVisible = 0;
			defaultConfigurationName = Release;
		};
		5A0F702A17A5289A00C5B310 /* Build configuration list for PBXNativeTarget "MyViewController" */ = {
			isa = XCConfigurationList;
			buildConfigurations = (
				5A0F702B17A5289A00C5B310 /* Debug */,
				5A0F702C17A5289A00C5B310 /* Release */,
			);
			defaultConfigurationIsVisible = 0;
		};
/* End XCConfigurationList section */
	};
	rootObject = 5A0F700517A5289A00C5B310 /* Project object */;
}
